// !$*UTF8*$!
{
archiveVersion = 1;
classes = {
};
objectVersion = 56;
objects = {

/* Begin PBXBuildFile section */
1D1A2E4D2FDDFD4A00A1E602 /* BreatheCoachApp.swift in Sources */ = {isa = PBXBuildFile; fileRef = 1D1A2E4D2FDDFD4A00A1E601 /* BreatheCoachApp.swift */; };
1D1A2E4D2FDDFD4A00A1E604 /* HomeView.swift in Sources */ = {isa = PBXBuildFile; fileRef = 1D1A2E4D2FDDFD4A00A1E603 /* HomeView.swift */; };
1D1A2E4D2FDDFD4A00A1E606 /* SessionRepository.swift in Sources */ = {isa = PBXBuildFile; fileRef = 1D1A2E4D2FDDFD4A00A1E605 /* SessionRepository.swift */; };
1D1A2E4D2FDDFD4A00A1E608 /* SettingsStore.swift in Sources */ = {isa = PBXBuildFile; fileRef = 1D1A2E4D2FDDFD4A00A1E607 /* SettingsStore.swift */; };
1D1A2E4D2FDDFD4A00A1E60A /* HapticsManager.swift in Sources */ = {isa = PBXBuildFile; fileRef = 1D1A2E4D2FDDFD4A00A1E609 /* HapticsManager.swift */; };
1D1A2E4D2FDDFD4A00A1E60C /* AudioCuePlayer.swift in Sources */ = {isa = PBXBuildFile; fileRef = 1D1A2E4D2FDDFD4A00A1E60B /* AudioCuePlayer.swift */; };
1D1A2E4D2FDDFD4A00A1E60E /* BreathingTimer.swift in Sources */ = {isa = PBXBuildFile; fileRef = 1D1A2E4D2FDDFD4A00A1E60D /* BreathingTimer.swift */; };
1D1A2E4D2FDDFD4A00A1E610 /* DesignTokens.swift in Sources */ = {isa = PBXBuildFile; fileRef = 1D1A2E4D2FDDFD4A00A1E60F /* DesignTokens.swift */; };
1D1A2E4D2FDDFD4A00A1E612 /* Theme.swift in Sources */ = {isa = PBXBuildFile; fileRef = 1D1A2E4D2FDDFD4A00A1E611 /* Theme.swift */; };
1D1A2E4D2FDDFD4A00A1E618 /* Assets.xcassets in Resources */ = {isa = PBXBuildFile; fileRef = 1D1A2E4D2FDDFD4A00A1E614 /* Assets.xcassets */; };
1D1A2E4D2FDDFD4A00A1E61A /* Preview Assets.xcassets in Resources */ = {isa = PBXBuildFile; fileRef = 1D1A2E4D2FDDFD4A00A1E616 /* Preview Assets.xcassets */; };
1D1A2E4D2FDDFD4A00A1E61F /* Charts in Frameworks */ = {isa = PBXBuildFile; productRef = 1D1A2E4D2FDDFD4A00A1E620 /* Charts */; };
/* End PBXBuildFile section */

/* Begin PBXFileReference section */
1D1A2E4D2FDDFD4A00A1E601 /* BreatheCoachApp.swift */ = {isa = PBXFileReference; lastKnownFileType = sourcecode.swift; path = BreatheCoachApp.swift; sourceTree = "<group>"; };
1D1A2E4D2FDDFD4A00A1E603 /* HomeView.swift */ = {isa = PBXFileReference; lastKnownFileType = sourcecode.swift; path = HomeView.swift; sourceTree = "<group>"; };
1D1A2E4D2FDDFD4A00A1E605 /* SessionRepository.swift */ = {isa = PBXFileReference; lastKnownFileType = sourcecode.swift; path = SessionRepository.swift; sourceTree = "<group>"; };
1D1A2E4D2FDDFD4A00A1E607 /* SettingsStore.swift */ = {isa = PBXFileReference; lastKnownFileType = sourcecode.swift; path = SettingsStore.swift; sourceTree = "<group>"; };
1D1A2E4D2FDDFD4A00A1E609 /* HapticsManager.swift */ = {isa = PBXFileReference; lastKnownFileType = sourcecode.swift; path = HapticsManager.swift; sourceTree = "<group>"; };
1D1A2E4D2FDDFD4A00A1E60B /* AudioCuePlayer.swift */ = {isa = PBXFileReference; lastKnownFileType = sourcecode.swift; path = AudioCuePlayer.swift; sourceTree = "<group>"; };
1D1A2E4D2FDDFD4A00A1E60D /* BreathingTimer.swift */ = {isa = PBXFileReference; lastKnownFileType = sourcecode.swift; path = BreathingTimer.swift; sourceTree = "<group>"; };
1D1A2E4D2FDDFD4A00A1E60F /* DesignTokens.swift */ = {isa = PBXFileReference; lastKnownFileType = sourcecode.swift; path = DesignTokens.swift; sourceTree = "<group>"; };
1D1A2E4D2FDDFD4A00A1E611 /* Theme.swift */ = {isa = PBXFileReference; lastKnownFileType = sourcecode.swift; path = Theme.swift; sourceTree = "<group>"; };
1D1A2E4D2FDDFD4A00A1E613 /* Info.plist */ = {isa = PBXFileReference; lastKnownFileType = text.plist.xml; path = Info.plist; sourceTree = "<group>"; };
1D1A2E4D2FDDFD4A00A1E614 /* Assets.xcassets */ = {isa = PBXFileReference; lastKnownFileType = folder.assetcatalog; path = Assets.xcassets; sourceTree = "<group>"; };
1D1A2E4D2FDDFD4A00A1E616 /* Preview Assets.xcassets */ = {isa = PBXFileReference; lastKnownFileType = folder.assetcatalog; path = "Preview Assets.xcassets"; sourceTree = "<group>"; };
1D1A2E4D2FDDFD4A00A1E622 /* BreatheCoach.app */ = {isa = PBXFileReference; explicitFileType = wrapper.application; includeInIndex = 0; path = BreatheCoach.app; sourceTree = BUILT_PRODUCTS_DIR; };
/* End PBXFileReference section */

/* Begin PBXFrameworksBuildPhase section */
1D1A2E4D2FDDFD4A00A1E5F8 /* Frameworks */ = {
isa = PBXFrameworksBuildPhase;
buildActionMask = 2147483647;
files = (
1D1A2E4D2FDDFD4A00A1E61F /* Charts in Frameworks */,
);
runOnlyForDeploymentPostprocessing = 0;
};
/* End PBXFrameworksBuildPhase section */

/* Begin PBXGroup section */
1D1A2E4D2FDDFD4A00A1E5F5 = {
isa = PBXGroup;
children = (
1D1A2E4D2FDDFD4A00A1E61B /* BreatheCoach */,
1D1A2E4D2FDDFD4A00A1E623 /* Products */,
);
sourceTree = "<group>";
};
1D1A2E4D2FDDFD4A00A1E623 /* Products */ = {
isa = PBXGroup;
children = (
1D1A2E4D2FDDFD4A00A1E622 /* BreatheCoach.app */,
);
name = Products;
sourceTree = "<group>";
};
1D1A2E4D2FDDFD4A00A1E61B /* BreatheCoach */ = {
isa = PBXGroup;
children = (
1D1A2E4D2FDDFD4A00A1E61C /* DesignSystem */,
1D1A2E4D2FDDFD4A00A1E619 /* Core */,
1D1A2E4D2FDDFD4A00A1E61D /* Features */,
1D1A2E4D2FDDFD4A00A1E618 /* Resources */,
1D1A2E4D2FDDFD4A00A1E613 /* Info.plist */,
1D1A2E4D2FDDFD4A00A1E601 /* BreatheCoachApp.swift */,
);
path = BreatheCoach;
sourceTree = "<group>";
};
1D1A2E4D2FDDFD4A00A1E619 /* Core */ = {
isa = PBXGroup;
children = (
1D1A2E4D2FDDFD4A00A1E61A /* Services */,
1D1A2E4D2FDDFD4A00A1E61E /* Utilities */,
);
path = Core;
sourceTree = "<group>";
};
1D1A2E4D2FDDFD4A00A1E61A /* Services */ = {
isa = PBXGroup;
children = (
1D1A2E4D2FDDFD4A00A1E605 /* SessionRepository.swift */,
1D1A2E4D2FDDFD4A00A1E607 /* SettingsStore.swift */,
);
path = Services;
sourceTree = "<group>";
};
1D1A2E4D2FDDFD4A00A1E61E /* Utilities */ = {
isa = PBXGroup;
children = (
1D1A2E4D2FDDFD4A00A1E609 /* HapticsManager.swift */,
1D1A2E4D2FDDFD4A00A1E60B /* AudioCuePlayer.swift */,
1D1A2E4D2FDDFD4A00A1E60D /* BreathingTimer.swift */,
);
path = Utilities;
sourceTree = "<group>";
};
1D1A2E4D2FDDFD4A00A1E61C /* DesignSystem */ = {
isa = PBXGroup;
children = (
1D1A2E4D2FDDFD4A00A1E60F /* DesignTokens.swift */,
1D1A2E4D2FDDFD4A00A1E611 /* Theme.swift */,
);
path = DesignSystem;
sourceTree = "<group>";
};
1D1A2E4D2FDDFD4A00A1E61D /* Features */ = {
isa = PBXGroup;
children = (
1D1A2E4D2FDDFD4A00A1E603 /* HomeView.swift */,
);
path = Features;
sourceTree = "<group>";
};
1D1A2E4D2FDDFD4A00A1E618 /* Resources */ = {
isa = PBXGroup;
children = (
1D1A2E4D2FDDFD4A00A1E614 /* Assets.xcassets */,
1D1A2E4D2FDDFD4A00A1E615 /* Preview Content */,
);
path = Resources;
sourceTree = "<group>";
};
1D1A2E4D2FDDFD4A00A1E615 /* Preview Content */ = {
isa = PBXGroup;
children = (
1D1A2E4D2FDDFD4A00A1E616 /* Preview Assets.xcassets */,
);
path = "Preview Content";
sourceTree = "<group>";
};
/* End PBXGroup section */

/* Begin PBXNativeTarget section */
1D1A2E4D2FDDFD4A00A1E5F7 /* BreatheCoach */ = {
isa = PBXNativeTarget;
buildConfigurationList = 1D1A2E4D2FDDFD4A00A1E5FC /* Build configuration list for PBXNativeTarget "BreatheCoach" */;
buildPhases = (
1D1A2E4D2FDDFD4A00A1E5FA /* Sources */,
1D1A2E4D2FDDFD4A00A1E5F8 /* Frameworks */,
1D1A2E4D2FDDFD4A00A1E5F9 /* Resources */,
);
buildRules = (
);
dependencies = (
);
name = BreatheCoach;
packageProductDependencies = (
1D1A2E4D2FDDFD4A00A1E620 /* Charts */,
);
productName = BreatheCoach;
productReference = 1D1A2E4D2FDDFD4A00A1E622 /* BreatheCoach.app */;
productType = "com.apple.product-type.application";
};
/* End PBXNativeTarget section */

/* Begin PBXProject section */
1D1A2E4D2FDDFD4A00A1E5F4 /* Project object */ = {
isa = PBXProject;
attributes = {
BuildIndependentTargetsInParallel = YES;
LastSwiftUpdateCheck = 1510;
LastUpgradeCheck = 1510;
TargetAttributes = {
1D1A2E4D2FDDFD4A00A1E5F7 = {
CreatedOnToolsVersion = 15.1;
};
};
};
buildConfigurationList = 1D1A2E4D2FDDFD4A00A1E5FB /* Build configuration list for PBXProject "BreatheCoach" */;
compatibilityVersion = "Xcode 15.0";
developmentRegion = en;
hasScannedForEncodings = 0;
knownRegions = (
en,
);
mainGroup = 1D1A2E4D2FDDFD4A00A1E5F5;
packageReferences = (
1D1A2E4D2FDDFD4A00A1E621 /* XCRemoteSwiftPackageReference "swift-charts" */,
);
productRefGroup = 1D1A2E4D2FDDFD4A00A1E623 /* Products */;
projectDirPath = "";
projectRoot = "";
targets = (
1D1A2E4D2FDDFD4A00A1E5F7 /* BreatheCoach */,
);
};
/* End PBXProject section */

/* Begin PBXResourcesBuildPhase section */
1D1A2E4D2FDDFD4A00A1E5F9 /* Resources */ = {
isa = PBXResourcesBuildPhase;
buildActionMask = 2147483647;
files = (
1D1A2E4D2FDDFD4A00A1E61A /* Preview Assets.xcassets in Resources */,
1D1A2E4D2FDDFD4A00A1E618 /* Assets.xcassets in Resources */,
);
runOnlyForDeploymentPostprocessing = 0;
};
/* End PBXResourcesBuildPhase section */

/* Begin PBXSourcesBuildPhase section */
1D1A2E4D2FDDFD4A00A1E5FA /* Sources */ = {
isa = PBXSourcesBuildPhase;
buildActionMask = 2147483647;
files = (
1D1A2E4D2FDDFD4A00A1E612 /* Theme.swift in Sources */,
1D1A2E4D2FDDFD4A00A1E604 /* HomeView.swift in Sources */,
1D1A2E4D2FDDFD4A00A1E602 /* BreatheCoachApp.swift in Sources */,
1D1A2E4D2FDDFD4A00A1E608 /* SettingsStore.swift in Sources */,
1D1A2E4D2FDDFD4A00A1E606 /* SessionRepository.swift in Sources */,
1D1A2E4D2FDDFD4A00A1E60E /* BreathingTimer.swift in Sources */,
1D1A2E4D2FDDFD4A00A1E60A /* HapticsManager.swift in Sources */,
1D1A2E4D2FDDFD4A00A1E60C /* AudioCuePlayer.swift in Sources */,
1D1A2E4D2FDDFD4A00A1E610 /* DesignTokens.swift in Sources */,
);
runOnlyForDeploymentPostprocessing = 0;
};
/* End PBXSourcesBuildPhase section */

/* Begin XCBuildConfiguration section */
1D1A2E4D2FDDFD4A00A1E5FD /* Debug */ = {
isa = XCBuildConfiguration;
buildSettings = {
ALWAYS_SEARCH_USER_PATHS = NO;
CLANG_ANALYZER_NONNULL = YES;
CLANG_ANALYZER_NUMBER_OBJECT_CONVERSION = YES_AGGRESSIVE;
CLANG_CXX_LANGUAGE_STANDARD = "gnu++20";
CLANG_ENABLE_MODULES = YES;
CLANG_ENABLE_OBJC_ARC = YES;
CLANG_WARN_BLOCK_CAPTURE_AUTORELEASING = YES;
CLANG_WARN_BOOL_CONVERSION = YES;
CLANG_WARN_COMMA = YES;
CLANG_WARN_CONSTANT_CONVERSION = YES;
CLANG_WARN_DEPRECATED_OBJC_IMPLEMENTATIONS = YES;
CLANG_WARN_DIRECT_OBJC_ISA_USAGE = YES_ERROR;
CLANG_WARN_DOCUMENTATION_COMMENTS = YES;
CLANG_WARN_EMPTY_BODY = YES;
CLANG_WARN_ENUM_CONVERSION = YES;
CLANG_WARN_INFINITE_RECURSION = YES;
CLANG_WARN_INT_CONVERSION = YES;
CLANG_WARN_NON_LITERAL_NULL_CONVERSION = YES;
CLANG_WARN_OBJC_IMPLICIT_RETAIN_SELF = YES;
CLANG_WARN_OBJC_LITERAL_CONVERSION = YES;
CLANG_WARN_RANGE_LOOP_ANALYSIS = YES;
CLANG_WARN_STRICT_PROTOTYPES = YES;
CLANG_WARN_SUSPICIOUS_MOVE = YES;
CLANG_WARN_UNGUARDED_AVAILABILITY = YES_AGGRESSIVE;
CODE_SIGN_STYLE = Automatic;
COPY_PHASE_STRIP = NO;
DEVELOPMENT_TEAM = "";
ENABLE_STRICT_OBJC_MSGSEND = YES;
ENABLE_TESTABILITY = YES;
GCC_C_LANGUAGE_STANDARD = gnu17;
GCC_DYNAMIC_NO_PIC = NO;
GCC_NO_COMMON_BLOCKS = YES;
GCC_OPTIMIZATION_LEVEL = 0;
GCC_PREPROCESSOR_DEFINITIONS = (
"DEBUG=1",
"$(inherited)",
);
GCC_WARN_64_TO_32_BIT_CONVERSION = YES;
GCC_WARN_ABOUT_RETURN_TYPE = YES_ERROR;
GCC_WARN_UNDECLARED_SELECTOR = YES;
GCC_WARN_UNINITIALIZED_AUTOS = YES_AGGRESSIVE;
GCC_WARN_UNUSED_FUNCTION = YES;
GCC_WARN_UNUSED_VARIABLE = YES;
IPHONEOS_DEPLOYMENT_TARGET = 17.0;
MTL_ENABLE_DEBUG_INFO = INCLUDE_SOURCE;
ONLY_ACTIVE_ARCH = YES;
SDKROOT = iphoneos;
SWIFT_ACTIVE_COMPILATION_CONDITIONS = DEBUG;
SWIFT_OPTIMIZATION_LEVEL = "-Onone";
TARGETED_DEVICE_FAMILY = "1,2";
};
name = Debug;
};
1D1A2E4D2FDDFD4A00A1E5FE /* Release */ = {
isa = XCBuildConfiguration;
buildSettings = {
ALWAYS_SEARCH_USER_PATHS = NO;
CLANG_ANALYZER_NONNULL = YES;
CLANG_ANALYZER_NUMBER_OBJECT_CONVERSION = YES_AGGRESSIVE;
CLANG_CXX_LANGUAGE_STANDARD = "gnu++20";
CLANG_ENABLE_MODULES = YES;
CLANG_ENABLE_OBJC_ARC = YES;
CLANG_WARN_BLOCK_CAPTURE_AUTORELEASING = YES;
CLANG_WARN_BOOL_CONVERSION = YES;
CLANG_WARN_COMMA = YES;
CLANG_WARN_CONSTANT_CONVERSION = YES;
CLANG_WARN_DEPRECATED_OBJC_IMPLEMENTATIONS = YES;
CLANG_WARN_DIRECT_OBJC_ISA_USAGE = YES_ERROR;
CLANG_WARN_DOCUMENTATION_COMMENTS = YES;
CLANG_WARN_EMPTY_BODY = YES;
CLANG_WARN_ENUM_CONVERSION = YES;
CLANG_WARN_INFINITE_RECURSION = YES;
CLANG_WARN_INT_CONVERSION = YES;
CLANG_WARN_NON_LITERAL_NULL_CONVERSION = YES;
CLANG_WARN_OBJC_IMPLICIT_RETAIN_SELF = YES;
CLANG_WARN_OBJC_LITERAL_CONVERSION = YES;
CLANG_WARN_RANGE_LOOP_ANALYSIS = YES;
CLANG_WARN_STRICT_PROTOTYPES = YES;
CLANG_WARN_SUSPICIOUS_MOVE = YES;
CLANG_WARN_UNGUARDED_AVAILABILITY = YES_AGGRESSIVE;
CODE_SIGN_STYLE = Automatic;
COPY_PHASE_STRIP = NO;
DEVELOPMENT_TEAM = "";
ENABLE_NS_ASSERTIONS = NO;
ENABLE_STRICT_OBJC_MSGSEND = YES;
GCC_C_LANGUAGE_STANDARD = gnu17;
GCC_NO_COMMON_BLOCKS = YES;
GCC_WARN_64_TO_32_BIT_CONVERSION = YES;
GCC_WARN_ABOUT_RETURN_TYPE = YES_ERROR;
GCC_WARN_UNDECLARED_SELECTOR = YES;
GCC_WARN_UNINITIALIZED_AUTOS = YES_AGGRESSIVE;
GCC_WARN_UNUSED_FUNCTION = YES;
GCC_WARN_UNUSED_VARIABLE = YES;
IPHONEOS_DEPLOYMENT_TARGET = 17.0;
MTL_ENABLE_DEBUG_INFO = NO;
SDKROOT = iphoneos;
SWIFT_COMPILATION_MODE = wholemodule;
SWIFT_OPTIMIZATION_LEVEL = "-O";
TARGETED_DEVICE_FAMILY = "1,2";
};
name = Release;
};
1D1A2E4D2FDDFD4A00A1E5FF /* Debug */ = {
isa = XCBuildConfiguration;
buildSettings = {
ASSETCATALOG_COMPILER_APPICON_NAME = AppIcon;
ASSETCATALOG_COMPILER_GLOBAL_ACCENT_COLOR_NAME = AccentColor;
CLANG_ENABLE_MODULES = YES;
CODE_SIGN_STYLE = Automatic;
CURRENT_PROJECT_VERSION = 1;
DEVELOPMENT_ASSET_PATHS = "\"BreatheCoach/Preview Content\"";
DEVELOPMENT_TEAM = "";
ENABLE_PREVIEWS = YES;
GENERATE_INFOPLIST_FILE = NO;
INFOPLIST_FILE = BreatheCoach/Info.plist;
INFOPLIST_KEY_UIApplicationSceneManifest_Generation = YES;
INFOPLIST_KEY_UIApplicationSupportsIndirectInputEvents = YES;
INFOPLIST_KEY_UILaunchScreen_Generation = YES;
IPHONEOS_DEPLOYMENT_TARGET = 17.0;
LD_RUNPATH_SEARCH_PATHS = (
"$(inherited)",
"@executable_path/Frameworks",
);
MARKETING_VERSION = 1.0;
PRODUCT_BUNDLE_IDENTIFIER = com.example.BreatheCoach;
PRODUCT_NAME = "$(TARGET_NAME)";
SDKROOT = iphoneos;
SUPPORTS_MAC_DESIGNED_FOR_IPHONE_IPAD = NO;
SWIFT_EMIT_LOC_STRINGS = YES;
SWIFT_VERSION = 5.9;
TARGETED_DEVICE_FAMILY = "1,2";
};
name = Debug;
};
1D1A2E4D2FDDFD4A00A1E600 /* Release */ = {
isa = XCBuildConfiguration;
buildSettings = {
ASSETCATALOG_COMPILER_APPICON_NAME = AppIcon;
ASSETCATALOG_COMPILER_GLOBAL_ACCENT_COLOR_NAME = AccentColor;
CLANG_ENABLE_MODULES = YES;
CODE_SIGN_STYLE = Automatic;
CURRENT_PROJECT_VERSION = 1;
DEVELOPMENT_ASSET_PATHS = "\"BreatheCoach/Preview Content\"";
DEVELOPMENT_TEAM = "";
ENABLE_PREVIEWS = YES;
GENERATE_INFOPLIST_FILE = NO;
INFOPLIST_FILE = BreatheCoach/Info.plist;
INFOPLIST_KEY_UIApplicationSceneManifest_Generation = YES;
INFOPLIST_KEY_UIApplicationSupportsIndirectInputEvents = YES;
INFOPLIST_KEY_UILaunchScreen_Generation = YES;
IPHONEOS_DEPLOYMENT_TARGET = 17.0;
LD_RUNPATH_SEARCH_PATHS = (
"$(inherited)",
"@executable_path/Frameworks",
);
MARKETING_VERSION = 1.0;
PRODUCT_BUNDLE_IDENTIFIER = com.example.BreatheCoach;
PRODUCT_NAME = "$(TARGET_NAME)";
SDKROOT = iphoneos;
SUPPORTS_MAC_DESIGNED_FOR_IPHONE_IPAD = NO;
SWIFT_EMIT_LOC_STRINGS = YES;
SWIFT_VERSION = 5.9;
TARGETED_DEVICE_FAMILY = "1,2";
};
name = Release;
};
/* End XCBuildConfiguration section */

/* Begin XCConfigurationList section */
1D1A2E4D2FDDFD4A00A1E5FB /* Build configuration list for PBXProject "BreatheCoach" */ = {
isa = XCConfigurationList;
buildConfigurations = (
1D1A2E4D2FDDFD4A00A1E5FD /* Debug */,
1D1A2E4D2FDDFD4A00A1E5FE /* Release */,
);
defaultConfigurationIsVisible = 0;
defaultConfigurationName = Debug;
};
1D1A2E4D2FDDFD4A00A1E5FC /* Build configuration list for PBXNativeTarget "BreatheCoach" */ = {
isa = XCConfigurationList;
buildConfigurations = (
1D1A2E4D2FDDFD4A00A1E5FF /* Debug */,
1D1A2E4D2FDDFD4A00A1E600 /* Release */,
);
defaultConfigurationIsVisible = 0;
defaultConfigurationName = Debug;
};
/* End XCConfigurationList section */

/* Begin XCRemoteSwiftPackageReference section */
1D1A2E4D2FDDFD4A00A1E621 /* XCRemoteSwiftPackageReference "swift-charts" */ = {
isa = XCRemoteSwiftPackageReference;
repositoryURL = "https://github.com/apple/swift-charts.git";
requirement = {
kind = upToNextMajorVersion;
minimumVersion = 1.0.0;
};
};
/* End XCRemoteSwiftPackageReference section */

/* Begin XCSwiftPackageProductDependency section */
1D1A2E4D2FDDFD4A00A1E620 /* Charts */ = {
isa = XCSwiftPackageProductDependency;
package = 1D1A2E4D2FDDFD4A00A1E621 /* XCRemoteSwiftPackageReference "swift-charts" */;
productName = Charts;
};
/* End XCSwiftPackageProductDependency section */

};
rootObject = 1D1A2E4D2FDDFD4A00A1E5F4 /* Project object */;
}
